
Microsoft Visual Studio Solution File, Format Version 12.00
# Visual Studio Version 17
VisualStudioVersion = 17.4.33122.133
MinimumVisualStudioVersion = 10.0.40219.1
Project("{2150E333-8FDC-42A3-9474-1A3956D46DE8}") = "Domain", "Domain", "{AEAEE6F7-37AD-45D6-B54D-359FC69D4F34}"
EndProject
Project("{2150E333-8FDC-42A3-9474-1A3956D46DE8}") = "Infra.Bus", "Infra.Bus", "{9F3E212E-D23B-41A2-B84A-2EA94AC7F0D9}"
EndProject
Project("{2150E333-8FDC-42A3-9474-1A3956D46DE8}") = "Infra.IoC", "Infra.IoC", "{860BD81D-BD76-43E6-A590-0FCF9E9455D2}"
EndProject
Project("{2150E333-8FDC-42A3-9474-1A3956D46DE8}") = "Microservices", "Microservices", "{94508F30-7547-48CD-8638-70D9E7208B66}"
EndProject
Project("{9A19103F-16F7-4668-BE54-9A1E7A4F7556}") = "MicroRabbit.Domain.Core", "MicroRabbit.Domain.Core\MicroRabbit.Domain.Core.csproj", "{C9E0652A-AF9B-403D-B631-2F7C8E9F66F6}"
EndProject
Project("{FAE04EC0-301F-11D3-BF4B-00C04F79EFBC}") = "MicroRabbit.Infra.Bus", "MicroRabbit.Infra.Bus\MicroRabbit.Infra.Bus.csproj", "{9D5C1190-6027-4063-B773-6AC4E379B6FC}"
EndProject
Project("{FAE04EC0-301F-11D3-BF4B-00C04F79EFBC}") = "MicroRabbit.Infra.IoC", "MicroRabbit.Infra.IoC\MicroRabbit.Infra.IoC.csproj", "{C5D25F4C-44CA-4D5A-88D1-715DAFD4718E}"
EndProject
Project("{2150E333-8FDC-42A3-9474-1A3956D46DE8}") = "Banking", "Banking", "{6B8C8752-69AE-419A-8415-3E4C668AC181}"
EndProject
Project("{2150E333-8FDC-42A3-9474-1A3956D46DE8}") = "Api", "Api", "{EFCAF525-A12C-4041-94A6-92F607EF3042}"
EndProject
Project("{2150E333-8FDC-42A3-9474-1A3956D46DE8}") = "Application", "Application", "{D6A1BBA3-7264-4D6A-96E2-D0CF091F66B8}"
EndProject
Project("{2150E333-8FDC-42A3-9474-1A3956D46DE8}") = "Domain", "Domain", "{9A211A1C-F5F6-47A4-AA83-C50256E94762}"
EndProject
Project("{2150E333-8FDC-42A3-9474-1A3956D46DE8}") = "Data", "Data", "{3A39DCAA-2679-4947-AAA7-3DE3F54E6E1E}"
EndProject
Project("{FAE04EC0-301F-11D3-BF4B-00C04F79EFBC}") = "MicroRabbit.Banking.Api", "MicroRabbit.Banking.Api\MicroRabbit.Banking.Api.csproj", "{1E391B53-976E-4CA3-BD91-87B7D7218CA5}"
EndProject
Project("{FAE04EC0-301F-11D3-BF4B-00C04F79EFBC}") = "MicroRabbit.Banking.Application", "MicroRabbit.Banking.Application\MicroRabbit.Banking.Application.csproj", "{4AEA7B42-E920-4ED1-AC3D-693B8B56BF53}"
EndProject
Project("{FAE04EC0-301F-11D3-BF4B-00C04F79EFBC}") = "MicroRabbit.Banking.Data", "MicroRabbit.Banking.Data\MicroRabbit.Banking.Data.csproj", "{82C7C812-3010-476A-B5F2-147452F3A3C4}"
EndProject
Project("{FAE04EC0-301F-11D3-BF4B-00C04F79EFBC}") = "MicroRabbit.Banking.Domain", "MicroRabbit.Banking.Domain\MicroRabbit.Banking.Domain.csproj", "{636AA176-0116-4BC3-898B-4464EC8CD24A}"
EndProject
Project("{2150E333-8FDC-42A3-9474-1A3956D46DE8}") = "Transfer", "Transfer", "{07AE3DAB-0131-474D-A010-8C4F06E89F15}"
EndProject
Project("{2150E333-8FDC-42A3-9474-1A3956D46DE8}") = "Api", "Api", "{C747C3C2-BD03-46DA-9010-B5B1A1C8FB12}"
EndProject
Project("{2150E333-8FDC-42A3-9474-1A3956D46DE8}") = "Application", "Application", "{61D51101-E939-472F-972F-0D7F022ED63D}"
EndProject
Project("{2150E333-8FDC-42A3-9474-1A3956D46DE8}") = "Data", "Data", "{ABE0B978-715B-4445-99C8-B20EA350DD7B}"
EndProject
Project("{2150E333-8FDC-42A3-9474-1A3956D46DE8}") = "Domain", "Domain", "{8E9FB8A5-A2B9-47C6-8D40-E8AC0B2B8750}"
EndProject
Project("{FAE04EC0-301F-11D3-BF4B-00C04F79EFBC}") = "MicroRabbit.Transfer.Api", "MicroRabbit.Transfer.Api\MicroRabbit.Transfer.Api.csproj", "{6D4BFBBD-07DD-42F1-8489-B8346679D3DA}"
EndProject
Project("{FAE04EC0-301F-11D3-BF4B-00C04F79EFBC}") = "MicroRabbit.Transfer.Application", "MicroRabbit.Transfer.Application\MicroRabbit.Transfer.Application.csproj", "{85FDC631-0EDF-491F-BC0B-F1668AEADF09}"
EndProject
Project("{FAE04EC0-301F-11D3-BF4B-00C04F79EFBC}") = "MicroRabbit.Transfer.Data", "MicroRabbit.Transfer.Data\MicroRabbit.Transfer.Data.csproj", "{F061BEED-53A3-4BCE-9EC3-AD8C7B1545CD}"
EndProject
Project("{FAE04EC0-301F-11D3-BF4B-00C04F79EFBC}") = "MicroRabbit.Transfer.Domain", "MicroRabbit.Transfer.Domain\MicroRabbit.Transfer.Domain.csproj", "{B0C76865-5D2A-4946-9606-3AC3EDBAE39B}"
EndProject
Global
	GlobalSection(SolutionConfigurationPlatforms) = preSolution
		Debug|Any CPU = Debug|Any CPU
		Release|Any CPU = Release|Any CPU
	EndGlobalSection
	GlobalSection(ProjectConfigurationPlatforms) = postSolution
		{C9E0652A-AF9B-403D-B631-2F7C8E9F66F6}.Debug|Any CPU.ActiveCfg = Debug|Any CPU
		{C9E0652A-AF9B-403D-B631-2F7C8E9F66F6}.Debug|Any CPU.Build.0 = Debug|Any CPU
		{C9E0652A-AF9B-403D-B631-2F7C8E9F66F6}.Release|Any CPU.ActiveCfg = Release|Any CPU
		{C9E0652A-AF9B-403D-B631-2F7C8E9F66F6}.Release|Any CPU.Build.0 = Release|Any CPU
		{9D5C1190-6027-4063-B773-6AC4E379B6FC}.Debug|Any CPU.ActiveCfg = Debug|Any CPU
		{9D5C1190-6027-4063-B773-6AC4E379B6FC}.Debug|Any CPU.Build.0 = Debug|Any CPU
		{9D5C1190-6027-4063-B773-6AC4E379B6FC}.Release|Any CPU.ActiveCfg = Release|Any CPU
		{9D5C1190-6027-4063-B773-6AC4E379B6FC}.Release|Any CPU.Build.0 = Release|Any CPU
		{C5D25F4C-44CA-4D5A-88D1-715DAFD4718E}.Debug|Any CPU.ActiveCfg = Debug|Any CPU
		{C5D25F4C-44CA-4D5A-88D1-715DAFD4718E}.Debug|Any CPU.Build.0 = Debug|Any CPU
		{C5D25F4C-44CA-4D5A-88D1-715DAFD4718E}.Release|Any CPU.ActiveCfg = Release|Any CPU
		{C5D25F4C-44CA-4D5A-88D1-715DAFD4718E}.Release|Any CPU.Build.0 = Release|Any CPU
		{1E391B53-976E-4CA3-BD91-87B7D7218CA5}.Debug|Any CPU.ActiveCfg = Debug|Any CPU
		{1E391B53-976E-4CA3-BD91-87B7D7218CA5}.Debug|Any CPU.Build.0 = Debug|Any CPU
		{1E391B53-976E-4CA3-BD91-87B7D7218CA5}.Release|Any CPU.ActiveCfg = Release|Any CPU
		{1E391B53-976E-4CA3-BD91-87B7D7218CA5}.Release|Any CPU.Build.0 = Release|Any CPU
		{4AEA7B42-E920-4ED1-AC3D-693B8B56BF53}.Debug|Any CPU.ActiveCfg = Debug|Any CPU
		{4AEA7B42-E920-4ED1-AC3D-693B8B56BF53}.Debug|Any CPU.Build.0 = Debug|Any CPU
		{4AEA7B42-E920-4ED1-AC3D-693B8B56BF53}.Release|Any CPU.ActiveCfg = Release|Any CPU
		{4AEA7B42-E920-4ED1-AC3D-693B8B56BF53}.Release|Any CPU.Build.0 = Release|Any CPU
		{82C7C812-3010-476A-B5F2-147452F3A3C4}.Debug|Any CPU.ActiveCfg = Debug|Any CPU
		{82C7C812-3010-476A-B5F2-147452F3A3C4}.Debug|Any CPU.Build.0 = Debug|Any CPU
		{82C7C812-3010-476A-B5F2-147452F3A3C4}.Release|Any CPU.ActiveCfg = Release|Any CPU
		{82C7C812-3010-476A-B5F2-147452F3A3C4}.Release|Any CPU.Build.0 = Release|Any CPU
		{636AA176-0116-4BC3-898B-4464EC8CD24A}.Debug|Any CPU.ActiveCfg = Debug|Any CPU
		{636AA176-0116-4BC3-898B-4464EC8CD24A}.Debug|Any CPU.Build.0 = Debug|Any CPU
		{636AA176-0116-4BC3-898B-4464EC8CD24A}.Release|Any CPU.ActiveCfg = Release|Any CPU
		{636AA176-0116-4BC3-898B-4464EC8CD24A}.Release|Any CPU.Build.0 = Release|Any CPU
		{6D4BFBBD-07DD-42F1-8489-B8346679D3DA}.Debug|Any CPU.ActiveCfg = Debug|Any CPU
		{6D4BFBBD-07DD-42F1-8489-B8346679D3DA}.Debug|Any CPU.Build.0 = Debug|Any CPU
		{6D4BFBBD-07DD-42F1-8489-B8346679D3DA}.Release|Any CPU.ActiveCfg = Release|Any CPU
		{6D4BFBBD-07DD-42F1-8489-B8346679D3DA}.Release|Any CPU.Build.0 = Release|Any CPU
		{85FDC631-0EDF-491F-BC0B-F1668AEADF09}.Debug|Any CPU.ActiveCfg = Debug|Any CPU
		{85FDC631-0EDF-491F-BC0B-F1668AEADF09}.Debug|Any CPU.Build.0 = Debug|Any CPU
		{85FDC631-0EDF-491F-BC0B-F1668AEADF09}.Release|Any CPU.ActiveCfg = Release|Any CPU
		{85FDC631-0EDF-491F-BC0B-F1668AEADF09}.Release|Any CPU.Build.0 = Release|Any CPU
		{F061BEED-53A3-4BCE-9EC3-AD8C7B1545CD}.Debug|Any CPU.ActiveCfg = Debug|Any CPU
		{F061BEED-53A3-4BCE-9EC3-AD8C7B1545CD}.Debug|Any CPU.Build.0 = Debug|Any CPU
		{F061BEED-53A3-4BCE-9EC3-AD8C7B1545CD}.Release|Any CPU.ActiveCfg = Release|Any CPU
		{F061BEED-53A3-4BCE-9EC3-AD8C7B1545CD}.Release|Any CPU.Build.0 = Release|Any CPU
		{B0C76865-5D2A-4946-9606-3AC3EDBAE39B}.Debug|Any CPU.ActiveCfg = Debug|Any CPU
		{B0C76865-5D2A-4946-9606-3AC3EDBAE39B}.Debug|Any CPU.Build.0 = Debug|Any CPU
		{B0C76865-5D2A-4946-9606-3AC3EDBAE39B}.Release|Any CPU.ActiveCfg = Release|Any CPU
		{B0C76865-5D2A-4946-9606-3AC3EDBAE39B}.Release|Any CPU.Build.0 = Release|Any CPU
	EndGlobalSection
	GlobalSection(SolutionProperties) = preSolution
		HideSolutionNode = FALSE
	EndGlobalSection
	GlobalSection(NestedProjects) = preSolution
		{C9E0652A-AF9B-403D-B631-2F7C8E9F66F6} = {AEAEE6F7-37AD-45D6-B54D-359FC69D4F34}
		{9D5C1190-6027-4063-B773-6AC4E379B6FC} = {9F3E212E-D23B-41A2-B84A-2EA94AC7F0D9}
		{C5D25F4C-44CA-4D5A-88D1-715DAFD4718E} = {860BD81D-BD76-43E6-A590-0FCF9E9455D2}
		{6B8C8752-69AE-419A-8415-3E4C668AC181} = {94508F30-7547-48CD-8638-70D9E7208B66}
		{EFCAF525-A12C-4041-94A6-92F607EF3042} = {6B8C8752-69AE-419A-8415-3E4C668AC181}
		{D6A1BBA3-7264-4D6A-96E2-D0CF091F66B8} = {6B8C8752-69AE-419A-8415-3E4C668AC181}
		{9A211A1C-F5F6-47A4-AA83-C50256E94762} = {6B8C8752-69AE-419A-8415-3E4C668AC181}
		{3A39DCAA-2679-4947-AAA7-3DE3F54E6E1E} = {6B8C8752-69AE-419A-8415-3E4C668AC181}
		{1E391B53-976E-4CA3-BD91-87B7D7218CA5} = {EFCAF525-A12C-4041-94A6-92F607EF3042}
		{4AEA7B42-E920-4ED1-AC3D-693B8B56BF53} = {D6A1BBA3-7264-4D6A-96E2-D0CF091F66B8}
		{82C7C812-3010-476A-B5F2-147452F3A3C4} = {3A39DCAA-2679-4947-AAA7-3DE3F54E6E1E}
		{636AA176-0116-4BC3-898B-4464EC8CD24A} = {9A211A1C-F5F6-47A4-AA83-C50256E94762}
		{07AE3DAB-0131-474D-A010-8C4F06E89F15} = {94508F30-7547-48CD-8638-70D9E7208B66}
		{C747C3C2-BD03-46DA-9010-B5B1A1C8FB12} = {07AE3DAB-0131-474D-A010-8C4F06E89F15}
		{61D51101-E939-472F-972F-0D7F022ED63D} = {07AE3DAB-0131-474D-A010-8C4F06E89F15}
		{ABE0B978-715B-4445-99C8-B20EA350DD7B} = {07AE3DAB-0131-474D-A010-8C4F06E89F15}
		{8E9FB8A5-A2B9-47C6-8D40-E8AC0B2B8750} = {07AE3DAB-0131-474D-A010-8C4F06E89F15}
		{6D4BFBBD-07DD-42F1-8489-B8346679D3DA} = {C747C3C2-BD03-46DA-9010-B5B1A1C8FB12}
		{85FDC631-0EDF-491F-BC0B-F1668AEADF09} = {61D51101-E939-472F-972F-0D7F022ED63D}
		{F061BEED-53A3-4BCE-9EC3-AD8C7B1545CD} = {ABE0B978-715B-4445-99C8-B20EA350DD7B}
		{B0C76865-5D2A-4946-9606-3AC3EDBAE39B} = {8E9FB8A5-A2B9-47C6-8D40-E8AC0B2B8750}
	EndGlobalSection
	GlobalSection(ExtensibilityGlobals) = postSolution
		SolutionGuid = {1D86C1C7-942C-43EB-859D-D36F295751A6}
	EndGlobalSection
EndGlobal
